// !$*UTF8*$!
{
	archiveVersion = 1;
	classes = {
	};
	objectVersion = 46;
	objects = {

/* Begin PBXBuildFile section */
		A8005565176BF8CB00C3659B /* UIKit.framework in Frameworks */ = {isa = PBXBuildFile; fileRef = A8005564176BF8CB00C3659B /* UIKit.framework */; };
		A8005567176BF8CB00C3659B /* Foundation.framework in Frameworks */ = {isa = PBXBuildFile; fileRef = A8005566176BF8CB00C3659B /* Foundation.framework */; };
		A8005569176BF8CB00C3659B /* CoreGraphics.framework in Frameworks */ = {isa = PBXBuildFile; fileRef = A8005568176BF8CB00C3659B /* CoreGraphics.framework */; };
		A800556F176BF8CB00C3659B /* InfoPlist.strings in Resources */ = {isa = PBXBuildFile; fileRef = A800556D176BF8CB00C3659B /* InfoPlist.strings */; };
		A8005571176BF8CB00C3659B /* main.m in Sources */ = {isa = PBXBuildFile; fileRef = A8005570176BF8CB00C3659B /* main.m */; };
		A8005575176BF8CB00C3659B /* AppDelegate.m in Sources */ = {isa = PBXBuildFile; fileRef = A8005574176BF8CB00C3659B /* AppDelegate.m */; };
		A8005577176BF8CB00C3659B /* Default.png in Resources */ = {isa = PBXBuildFile; fileRef = A8005576176BF8CB00C3659B /* Default.png */; };
		A8005579176BF8CB00C3659B /* Default@2x.png in Resources */ = {isa = PBXBuildFile; fileRef = A8005578176BF8CB00C3659B /* Default@2x.png */; };
		A800557B176BF8CB00C3659B /* Default-568h@2x.png in Resources */ = {isa = PBXBuildFile; fileRef = A800557A176BF8CB00C3659B /* Default-568h@2x.png */; };
		A800557E176BF8CB00C3659B /* ThreeSecondsRuleController.m in Sources */ = {isa = PBXBuildFile; fileRef = A800557D176BF8CB00C3659B /* ThreeSecondsRuleController.m */; };
		A8005580176BF8CB00C3659B /* first.png in Resources */ = {isa = PBXBuildFile; fileRef = A800557F176BF8CB00C3659B /* first.png */; };
		A8005582176BF8CB00C3659B /* first@2x.png in Resources */ = {isa = PBXBuildFile; fileRef = A8005581176BF8CB00C3659B /* first@2x.png */; };
		A8005587176BF8CB00C3659B /* second.png in Resources */ = {isa = PBXBuildFile; fileRef = A8005586176BF8CB00C3659B /* second.png */; };
		A8005589176BF8CB00C3659B /* second@2x.png in Resources */ = {isa = PBXBuildFile; fileRef = A8005588176BF8CB00C3659B /* second@2x.png */; };
		A800558C176BF8CB00C3659B /* ThreeSecondsRuleController.xib in Resources */ = {isa = PBXBuildFile; fileRef = A800558A176BF8CB00C3659B /* ThreeSecondsRuleController.xib */; };
		A800559A176C49DD00C3659B /* Project.m in Sources */ = {isa = PBXBuildFile; fileRef = A8005599176C49DD00C3659B /* Project.m */; };
		A80055A0176CA13100C3659B /* libsqlite3.0.dylib in Frameworks */ = {isa = PBXBuildFile; fileRef = A800559F176CA13100C3659B /* libsqlite3.0.dylib */; };
		A80A3107187919E20054C5C5 /* Enlatado.m in Sources */ = {isa = PBXBuildFile; fileRef = A80A3106187919E20054C5C5 /* Enlatado.m */; };
		A80A310A18791E7D0054C5C5 /* TipoEnlatado.m in Sources */ = {isa = PBXBuildFile; fileRef = A80A310918791E7D0054C5C5 /* TipoEnlatado.m */; };
		A8138BCB1799777F00527CDE /* Intention.m in Sources */ = {isa = PBXBuildFile; fileRef = A8138BCA1799777F00527CDE /* Intention.m */; };
		A8138BCC1799786D00527CDE /* Intention.m in Sources */ = {isa = PBXBuildFile; fileRef = A8138BCA1799777F00527CDE /* Intention.m */; };
		A889505E176E2F67000486DC /* ProjectDB.m in Sources */ = {isa = PBXBuildFile; fileRef = A8A3F26D176D673B00924DCB /* ProjectDB.m */; };
		A889505F176E2F82000486DC /* FMDatabase.m in Sources */ = {isa = PBXBuildFile; fileRef = A8A3F243176D607000924DCB /* FMDatabase.m */; };
		A8895060176E2FA6000486DC /* FMDatabaseAdditions.m in Sources */ = {isa = PBXBuildFile; fileRef = A8A3F245176D607000924DCB /* FMDatabaseAdditions.m */; };
		A8895061176E2FA6000486DC /* FMDatabasePool.m in Sources */ = {isa = PBXBuildFile; fileRef = A8A3F247176D607000924DCB /* FMDatabasePool.m */; };
		A8895062176E2FA6000486DC /* FMDatabaseQueue.m in Sources */ = {isa = PBXBuildFile; fileRef = A8A3F249176D607000924DCB /* FMDatabaseQueue.m */; };
		A8895063176E2FA6000486DC /* FMResultSet.m in Sources */ = {isa = PBXBuildFile; fileRef = A8A3F24C176D607000924DCB /* FMResultSet.m */; };
		A8895064176E2FD5000486DC /* libsqlite3.0.dylib in Frameworks */ = {isa = PBXBuildFile; fileRef = A800559F176CA13100C3659B /* libsqlite3.0.dylib */; };
		A8895065176E6E04000486DC /* Project.m in Sources */ = {isa = PBXBuildFile; fileRef = A8005599176C49DD00C3659B /* Project.m */; };
		A8936740187A416300D78EBE /* EnlatadoDetailViewController.m in Sources */ = {isa = PBXBuildFile; fileRef = A893673F187A416300D78EBE /* EnlatadoDetailViewController.m */; };
		A8979812187D04330052AD1C /* WindowsAzureMobileServices.framework in Frameworks */ = {isa = PBXBuildFile; fileRef = A8979811187D04330052AD1C /* WindowsAzureMobileServices.framework */; };
		A897B5D9187F7A81008148E6 /* GameAlfaService.m in Sources */ = {isa = PBXBuildFile; fileRef = A897B5D8187F7A81008148E6 /* GameAlfaService.m */; };
		A897C9AB188357F200728744 /* EnlatadoDB.m in Sources */ = {isa = PBXBuildFile; fileRef = A897C9AA188357F200728744 /* EnlatadoDB.m */; };
		A897C9AE1883628C00728744 /* CacheManagerDB.m in Sources */ = {isa = PBXBuildFile; fileRef = A897C9AD1883628C00728744 /* CacheManagerDB.m */; };
		A897C9B11883634700728744 /* CacheEntity.m in Sources */ = {isa = PBXBuildFile; fileRef = A897C9B01883634700728744 /* CacheEntity.m */; };
		A897C9B41883803D00728744 /* CacheManager.m in Sources */ = {isa = PBXBuildFile; fileRef = A897C9B31883803D00728744 /* CacheManager.m */; };
		A89809641884F3FE00675FCF /* CircularButton.m in Sources */ = {isa = PBXBuildFile; fileRef = A89809631884F3FE00675FCF /* CircularButton.m */; };
		A8980966188508BC00675FCF /* QuartzCore.framework in Frameworks */ = {isa = PBXBuildFile; fileRef = A8980965188508BC00675FCF /* QuartzCore.framework */; };
		A89A1BB717AE94F6006B6CC6 /* Level.m in Sources */ = {isa = PBXBuildFile; fileRef = A89A1BB617AE94F6006B6CC6 /* Level.m */; };
		A89A1BBB17AE9ED9006B6CC6 /* Step.m in Sources */ = {isa = PBXBuildFile; fileRef = A89A1BBA17AE9ED9006B6CC6 /* Step.m */; };
		A89B931A1888E34100D24760 /* libSSToolkit.a in Frameworks */ = {isa = PBXBuildFile; fileRef = A89B93101888E2D100D24760 /* libSSToolkit.a */; };
		A89B931C1888E38300D24760 /* MessageUI.framework in Frameworks */ = {isa = PBXBuildFile; fileRef = A89B931B1888E38300D24760 /* MessageUI.framework */; };
		A89B931D1888E3C700D24760 /* SSToolkitResources.bundle in Resources */ = {isa = PBXBuildFile; fileRef = A89B93141888E2D100D24760 /* SSToolkitResources.bundle */; };
		A89E4DF1179B7A11008D091B /* ProjectTableViewController.m in Sources */ = {isa = PBXBuildFile; fileRef = A89E4DF0179B7A11008D091B /* ProjectTableViewController.m */; };
		A89E4DF4179B7AC5008D091B /* MainStoryBoard.storyboard in Resources */ = {isa = PBXBuildFile; fileRef = A89E4DF3179B7AC5008D091B /* MainStoryBoard.storyboard */; };
		A89EB32117AF256A001E074A /* DTCustomColoredAccessory.m in Sources */ = {isa = PBXBuildFile; fileRef = A89EB32017AF256A001E074A /* DTCustomColoredAccessory.m */; };
		A8A13E9A1886C2DD0038BFB4 /* SyntaxHighlightTextStorage.m in Sources */ = {isa = PBXBuildFile; fileRef = A8A13E991886C2DD0038BFB4 /* SyntaxHighlightTextStorage.m */; };
		A8A20047188E119400EF7C3C /* Body.html in Resources */ = {isa = PBXBuildFile; fileRef = A8A20046188E119400EF7C3C /* Body.html */; };
		A8A3F24D176D607000924DCB /* FMDatabase.m in Sources */ = {isa = PBXBuildFile; fileRef = A8A3F243176D607000924DCB /* FMDatabase.m */; };
		A8A3F24E176D607000924DCB /* FMDatabaseAdditions.m in Sources */ = {isa = PBXBuildFile; fileRef = A8A3F245176D607000924DCB /* FMDatabaseAdditions.m */; };
		A8A3F24F176D607000924DCB /* FMDatabasePool.m in Sources */ = {isa = PBXBuildFile; fileRef = A8A3F247176D607000924DCB /* FMDatabasePool.m */; };
		A8A3F250176D607000924DCB /* FMDatabaseQueue.m in Sources */ = {isa = PBXBuildFile; fileRef = A8A3F249176D607000924DCB /* FMDatabaseQueue.m */; };
		A8A3F252176D607000924DCB /* FMResultSet.m in Sources */ = {isa = PBXBuildFile; fileRef = A8A3F24C176D607000924DCB /* FMResultSet.m */; };
		A8A3F25B176D653C00924DCB /* SenTestingKit.framework in Frameworks */ = {isa = PBXBuildFile; fileRef = A8A3F25A176D653C00924DCB /* SenTestingKit.framework */; };
		A8A3F25C176D653C00924DCB /* UIKit.framework in Frameworks */ = {isa = PBXBuildFile; fileRef = A8005564176BF8CB00C3659B /* UIKit.framework */; };
		A8A3F25D176D653C00924DCB /* Foundation.framework in Frameworks */ = {isa = PBXBuildFile; fileRef = A8005566176BF8CB00C3659B /* Foundation.framework */; };
		A8A3F263176D653C00924DCB /* InfoPlist.strings in Resources */ = {isa = PBXBuildFile; fileRef = A8A3F261176D653C00924DCB /* InfoPlist.strings */; };
		A8A3F266176D653C00924DCB /* GameAlfaTest.m in Sources */ = {isa = PBXBuildFile; fileRef = A8A3F265176D653C00924DCB /* GameAlfaTest.m */; };
		A8A3F26E176D673B00924DCB /* ProjectDB.m in Sources */ = {isa = PBXBuildFile; fileRef = A8A3F26D176D673B00924DCB /* ProjectDB.m */; };
		A8A43A7617A77B580079E766 /* ProjectDetailViewController.m in Sources */ = {isa = PBXBuildFile; fileRef = A8A43A7517A77B580079E766 /* ProjectDetailViewController.m */; };
		A8A4F4A61793A18E00D7013F /* IntentionDB.m in Sources */ = {isa = PBXBuildFile; fileRef = A8A4F4A51793A18E00D7013F /* IntentionDB.m */; };
		A8A4F4AB17942CA900D7013F /* IntentionTest.m in Sources */ = {isa = PBXBuildFile; fileRef = A8A4F4AA17942CA900D7013F /* IntentionTest.m */; };
		A8ACCC8418766F5B00E6F31D /* EnlatadosViewController.m in Sources */ = {isa = PBXBuildFile; fileRef = A8ACCC8318766F5B00E6F31D /* EnlatadosViewController.m */; };
		A8AF210D17978F840006433F /* IntentionDB.m in Sources */ = {isa = PBXBuildFile; fileRef = A8A4F4A51793A18E00D7013F /* IntentionDB.m */; };
		A8E672C2179CAECA00FBCFCD /* ProjectCell.m in Sources */ = {isa = PBXBuildFile; fileRef = A8E672C1179CAECA00FBCFCD /* ProjectCell.m */; };
/* End PBXBuildFile section */

/* Begin PBXContainerItemProxy section */
		A89B930F1888E2D100D24760 /* PBXContainerItemProxy */ = {
			isa = PBXContainerItemProxy;
			containerPortal = A89B93091888E2D000D24760 /* SSToolkit.xcodeproj */;
			proxyType = 2;
			remoteGlobalIDString = D2AAC07E0554694100DB518D;
			remoteInfo = SSToolkit;
		};
		A89B93111888E2D100D24760 /* PBXContainerItemProxy */ = {
			isa = PBXContainerItemProxy;
			containerPortal = A89B93091888E2D000D24760 /* SSToolkit.xcodeproj */;
			proxyType = 2;
			remoteGlobalIDString = B239101D1357DC3E00ADE21B;
			remoteInfo = SSToolkitTests;
		};
		A89B93131888E2D100D24760 /* PBXContainerItemProxy */ = {
			isa = PBXContainerItemProxy;
			containerPortal = A89B93091888E2D000D24760 /* SSToolkit.xcodeproj */;
			proxyType = 2;
			remoteGlobalIDString = B2C507EA151BA64400E94614;
			remoteInfo = SSToolkitResources;
		};
		A89B93161888E32800D24760 /* PBXContainerItemProxy */ = {
			isa = PBXContainerItemProxy;
			containerPortal = A89B93091888E2D000D24760 /* SSToolkit.xcodeproj */;
			proxyType = 1;
			remoteGlobalIDString = D2AAC07D0554694100DB518D;
			remoteInfo = SSToolkit;
		};
		A89B93181888E32800D24760 /* PBXContainerItemProxy */ = {
			isa = PBXContainerItemProxy;
			containerPortal = A89B93091888E2D000D24760 /* SSToolkit.xcodeproj */;
			proxyType = 1;
			remoteGlobalIDString = B2C507E9151BA64400E94614;
			remoteInfo = SSToolkitResources;
		};
/* End PBXContainerItemProxy section */

/* Begin PBXFileReference section */
		A5D8D7516C314E6994D6931B /* Pods.xcconfig */ = {isa = PBXFileReference; includeInIndex = 1; lastKnownFileType = text.xcconfig; name = Pods.xcconfig; path = Pods/Pods.xcconfig; sourceTree = "<group>"; };
		A8005560176BF8CB00C3659B /* GameAlfa.app */ = {isa = PBXFileReference; explicitFileType = wrapper.application; includeInIndex = 0; path = GameAlfa.app; sourceTree = BUILT_PRODUCTS_DIR; };
		A8005564176BF8CB00C3659B /* UIKit.framework */ = {isa = PBXFileReference; lastKnownFileType = wrapper.framework; name = UIKit.framework; path = System/Library/Frameworks/UIKit.framework; sourceTree = SDKROOT; };
		A8005566176BF8CB00C3659B /* Foundation.framework */ = {isa = PBXFileReference; lastKnownFileType = wrapper.framework; name = Foundation.framework; path = System/Library/Frameworks/Foundation.framework; sourceTree = SDKROOT; };
		A8005568176BF8CB00C3659B /* CoreGraphics.framework */ = {isa = PBXFileReference; lastKnownFileType = wrapper.framework; name = CoreGraphics.framework; path = System/Library/Frameworks/CoreGraphics.framework; sourceTree = SDKROOT; };
		A800556C176BF8CB00C3659B /* GameAlfa-Info.plist */ = {isa = PBXFileReference; lastKnownFileType = text.plist.xml; path = "GameAlfa-Info.plist"; sourceTree = "<group>"; };
		A800556E176BF8CB00C3659B /* en */ = {isa = PBXFileReference; lastKnownFileType = text.plist.strings; name = en; path = en.lproj/InfoPlist.strings; sourceTree = "<group>"; };
		A8005570176BF8CB00C3659B /* main.m */ = {isa = PBXFileReference; lastKnownFileType = sourcecode.c.objc; path = main.m; sourceTree = "<group>"; };
		A8005572176BF8CB00C3659B /* GameAlfa-Prefix.pch */ = {isa = PBXFileReference; lastKnownFileType = sourcecode.c.h; path = "GameAlfa-Prefix.pch"; sourceTree = "<group>"; };
		A8005573176BF8CB00C3659B /* AppDelegate.h */ = {isa = PBXFileReference; lastKnownFileType = sourcecode.c.h; path = AppDelegate.h; sourceTree = "<group>"; };
		A8005574176BF8CB00C3659B /* AppDelegate.m */ = {isa = PBXFileReference; lastKnownFileType = sourcecode.c.objc; path = AppDelegate.m; sourceTree = "<group>"; };
		A8005576176BF8CB00C3659B /* Default.png */ = {isa = PBXFileReference; lastKnownFileType = image.png; path = Default.png; sourceTree = "<group>"; };
		A8005578176BF8CB00C3659B /* Default@2x.png */ = {isa = PBXFileReference; lastKnownFileType = image.png; path = "Default@2x.png"; sourceTree = "<group>"; };
		A800557A176BF8CB00C3659B /* Default-568h@2x.png */ = {isa = PBXFileReference; lastKnownFileType = image.png; path = "Default-568h@2x.png"; sourceTree = "<group>"; };
		A800557C176BF8CB00C3659B /* ThreeSecondsRuleController.h */ = {isa = PBXFileReference; lastKnownFileType = sourcecode.c.h; path = ThreeSecondsRuleController.h; sourceTree = "<group>"; };
		A800557D176BF8CB00C3659B /* ThreeSecondsRuleController.m */ = {isa = PBXFileReference; lastKnownFileType = sourcecode.c.objc; path = ThreeSecondsRuleController.m; sourceTree = "<group>"; };
		A800557F176BF8CB00C3659B /* first.png */ = {isa = PBXFileReference; lastKnownFileType = image.png; path = first.png; sourceTree = "<group>"; };
		A8005581176BF8CB00C3659B /* first@2x.png */ = {isa = PBXFileReference; lastKnownFileType = image.png; path = "first@2x.png"; sourceTree = "<group>"; };
		A8005586176BF8CB00C3659B /* second.png */ = {isa = PBXFileReference; lastKnownFileType = image.png; path = second.png; sourceTree = "<group>"; };
		A8005588176BF8CB00C3659B /* second@2x.png */ = {isa = PBXFileReference; lastKnownFileType = image.png; path = "second@2x.png"; sourceTree = "<group>"; };
		A800558B176BF8CB00C3659B /* en */ = {isa = PBXFileReference; lastKnownFileType = file.xib; name = en; path = en.lproj/ThreeSecondsRuleController.xib; sourceTree = "<group>"; };
		A8005598176C49DD00C3659B /* Project.h */ = {isa = PBXFileReference; fileEncoding = 4; lastKnownFileType = sourcecode.c.h; name = Project.h; path = GameAlfa/Project.h; sourceTree = "<group>"; };
		A8005599176C49DD00C3659B /* Project.m */ = {isa = PBXFileReference; fileEncoding = 4; lastKnownFileType = sourcecode.c.objc; name = Project.m; path = GameAlfa/Project.m; sourceTree = "<group>"; };
		A800559F176CA13100C3659B /* libsqlite3.0.dylib */ = {isa = PBXFileReference; lastKnownFileType = "compiled.mach-o.dylib"; name = libsqlite3.0.dylib; path = usr/lib/libsqlite3.0.dylib; sourceTree = SDKROOT; };
		A80A3105187919E20054C5C5 /* Enlatado.h */ = {isa = PBXFileReference; fileEncoding = 4; lastKnownFileType = sourcecode.c.h; name = Enlatado.h; path = DomainModel/Enlatado.h; sourceTree = "<group>"; };
		A80A3106187919E20054C5C5 /* Enlatado.m */ = {isa = PBXFileReference; fileEncoding = 4; lastKnownFileType = sourcecode.c.objc; name = Enlatado.m; path = DomainModel/Enlatado.m; sourceTree = "<group>"; };
		A80A310818791E7D0054C5C5 /* TipoEnlatado.h */ = {isa = PBXFileReference; fileEncoding = 4; lastKnownFileType = sourcecode.c.h; name = TipoEnlatado.h; path = DomainModel/TipoEnlatado.h; sourceTree = "<group>"; };
		A80A310918791E7D0054C5C5 /* TipoEnlatado.m */ = {isa = PBXFileReference; fileEncoding = 4; lastKnownFileType = sourcecode.c.objc; name = TipoEnlatado.m; path = DomainModel/TipoEnlatado.m; sourceTree = "<group>"; };
		A8138BC91799777F00527CDE /* Intention.h */ = {isa = PBXFileReference; fileEncoding = 4; lastKnownFileType = sourcecode.c.h; name = Intention.h; path = DomainModel/Intention.h; sourceTree = "<group>"; };
		A8138BCA1799777F00527CDE /* Intention.m */ = {isa = PBXFileReference; fileEncoding = 4; lastKnownFileType = sourcecode.c.objc; name = Intention.m; path = DomainModel/Intention.m; sourceTree = "<group>"; };
		A893673E187A416300D78EBE /* EnlatadoDetailViewController.h */ = {isa = PBXFileReference; fileEncoding = 4; lastKnownFileType = sourcecode.c.h; path = EnlatadoDetailViewController.h; sourceTree = "<group>"; };
		A893673F187A416300D78EBE /* EnlatadoDetailViewController.m */ = {isa = PBXFileReference; fileEncoding = 4; lastKnownFileType = sourcecode.c.objc; path = EnlatadoDetailViewController.m; sourceTree = "<group>"; };
		A8979811187D04330052AD1C /* WindowsAzureMobileServices.framework */ = {isa = PBXFileReference; lastKnownFileType = wrapper.framework; path = WindowsAzureMobileServices.framework; sourceTree = "<group>"; };
		A897B5D7187F7A81008148E6 /* GameAlfaService.h */ = {isa = PBXFileReference; fileEncoding = 4; lastKnownFileType = sourcecode.c.h; name = GameAlfaService.h; path = GameAlfa/GameAlfaService.h; sourceTree = "<group>"; };
		A897B5D8187F7A81008148E6 /* GameAlfaService.m */ = {isa = PBXFileReference; fileEncoding = 4; lastKnownFileType = sourcecode.c.objc; name = GameAlfaService.m; path = GameAlfa/GameAlfaService.m; sourceTree = "<group>"; };
		A897C9A9188357F200728744 /* EnlatadoDB.h */ = {isa = PBXFileReference; fileEncoding = 4; lastKnownFileType = sourcecode.c.h; path = EnlatadoDB.h; sourceTree = "<group>"; };
		A897C9AA188357F200728744 /* EnlatadoDB.m */ = {isa = PBXFileReference; fileEncoding = 4; lastKnownFileType = sourcecode.c.objc; path = EnlatadoDB.m; sourceTree = "<group>"; };
		A897C9AC1883628C00728744 /* CacheManagerDB.h */ = {isa = PBXFileReference; fileEncoding = 4; lastKnownFileType = sourcecode.c.h; path = CacheManagerDB.h; sourceTree = "<group>"; };
		A897C9AD1883628C00728744 /* CacheManagerDB.m */ = {isa = PBXFileReference; fileEncoding = 4; lastKnownFileType = sourcecode.c.objc; path = CacheManagerDB.m; sourceTree = "<group>"; };
		A897C9AF1883634700728744 /* CacheEntity.h */ = {isa = PBXFileReference; fileEncoding = 4; lastKnownFileType = sourcecode.c.h; name = CacheEntity.h; path = DomainModel/CacheEntity.h; sourceTree = "<group>"; };
		A897C9B01883634700728744 /* CacheEntity.m */ = {isa = PBXFileReference; fileEncoding = 4; lastKnownFileType = sourcecode.c.objc; name = CacheEntity.m; path = DomainModel/CacheEntity.m; sourceTree = "<group>"; };
		A897C9B21883803D00728744 /* CacheManager.h */ = {isa = PBXFileReference; fileEncoding = 4; lastKnownFileType = sourcecode.c.h; name = CacheManager.h; path = DomainModel/CacheManager.h; sourceTree = "<group>"; };
		A897C9B31883803D00728744 /* CacheManager.m */ = {isa = PBXFileReference; fileEncoding = 4; lastKnownFileType = sourcecode.c.objc; name = CacheManager.m; path = DomainModel/CacheManager.m; sourceTree = "<group>"; };
		A89809621884F3FE00675FCF /* CircularButton.h */ = {isa = PBXFileReference; fileEncoding = 4; lastKnownFileType = sourcecode.c.h; name = CircularButton.h; path = GameAlfa/CircularButton.h; sourceTree = "<group>"; };
		A89809631884F3FE00675FCF /* CircularButton.m */ = {isa = PBXFileReference; fileEncoding = 4; lastKnownFileType = sourcecode.c.objc; name = CircularButton.m; path = GameAlfa/CircularButton.m; sourceTree = "<group>"; };
		A8980965188508BC00675FCF /* QuartzCore.framework */ = {isa = PBXFileReference; lastKnownFileType = wrapper.framework; name = QuartzCore.framework; path = System/Library/Frameworks/QuartzCore.framework; sourceTree = SDKROOT; };
		A89A1BB517AE94F6006B6CC6 /* Level.h */ = {isa = PBXFileReference; fileEncoding = 4; lastKnownFileType = sourcecode.c.h; name = Level.h; path = DomainModel/Level.h; sourceTree = "<group>"; };
		A89A1BB617AE94F6006B6CC6 /* Level.m */ = {isa = PBXFileReference; fileEncoding = 4; lastKnownFileType = sourcecode.c.objc; name = Level.m; path = DomainModel/Level.m; sourceTree = "<group>"; };
		A89A1BB917AE9ED9006B6CC6 /* Step.h */ = {isa = PBXFileReference; fileEncoding = 4; lastKnownFileType = sourcecode.c.h; name = Step.h; path = DomainModel/Step.h; sourceTree = "<group>"; };
		A89A1BBA17AE9ED9006B6CC6 /* Step.m */ = {isa = PBXFileReference; fileEncoding = 4; lastKnownFileType = sourcecode.c.objc; name = Step.m; path = DomainModel/Step.m; sourceTree = "<group>"; };
		A89B93091888E2D000D24760 /* SSToolkit.xcodeproj */ = {isa = PBXFileReference; lastKnownFileType = "wrapper.pb-project"; name = SSToolkit.xcodeproj; path = Vendor/sstoolkit/SSToolkit.xcodeproj; sourceTree = "<group>"; };
		A89B931B1888E38300D24760 /* MessageUI.framework */ = {isa = PBXFileReference; lastKnownFileType = wrapper.framework; name = MessageUI.framework; path = System/Library/Frameworks/MessageUI.framework; sourceTree = SDKROOT; };
		A89E4DEF179B7A11008D091B /* ProjectTableViewController.h */ = {isa = PBXFileReference; fileEncoding = 4; lastKnownFileType = sourcecode.c.h; path = ProjectTableViewController.h; sourceTree = "<group>"; };
		A89E4DF0179B7A11008D091B /* ProjectTableViewController.m */ = {isa = PBXFileReference; fileEncoding = 4; lastKnownFileType = sourcecode.c.objc; path = ProjectTableViewController.m; sourceTree = "<group>"; };
		A89E4DF3179B7AC5008D091B /* MainStoryBoard.storyboard */ = {isa = PBXFileReference; fileEncoding = 4; lastKnownFileType = file.storyboard; name = MainStoryBoard.storyboard; path = ../MainStoryBoard.storyboard; sourceTree = "<group>"; };
		A89EB31F17AF256A001E074A /* DTCustomColoredAccessory.h */ = {isa = PBXFileReference; fileEncoding = 4; lastKnownFileType = sourcecode.c.h; name = DTCustomColoredAccessory.h; path = GameAlfa/DTCustomColoredAccessory.h; sourceTree = "<group>"; };
		A89EB32017AF256A001E074A /* DTCustomColoredAccessory.m */ = {isa = PBXFileReference; fileEncoding = 4; lastKnownFileType = sourcecode.c.objc; name = DTCustomColoredAccessory.m; path = GameAlfa/DTCustomColoredAccessory.m; sourceTree = "<group>"; };
		A8A13E981886C2DD0038BFB4 /* SyntaxHighlightTextStorage.h */ = {isa = PBXFileReference; fileEncoding = 4; lastKnownFileType = sourcecode.c.h; name = SyntaxHighlightTextStorage.h; path = GameAlfa/SyntaxHighlightTextStorage.h; sourceTree = "<group>"; };
		A8A13E991886C2DD0038BFB4 /* SyntaxHighlightTextStorage.m */ = {isa = PBXFileReference; fileEncoding = 4; lastKnownFileType = sourcecode.c.objc; name = SyntaxHighlightTextStorage.m; path = GameAlfa/SyntaxHighlightTextStorage.m; sourceTree = "<group>"; };
		A8A20046188E119400EF7C3C /* Body.html */ = {isa = PBXFileReference; fileEncoding = 4; lastKnownFileType = text.html; path = Body.html; sourceTree = "<group>"; };
		A8A3F242176D607000924DCB /* FMDatabase.h */ = {isa = PBXFileReference; fileEncoding = 4; lastKnownFileType = sourcecode.c.h; name = FMDatabase.h; path = GameAlfa/FMDatabase.h; sourceTree = "<group>"; };
		A8A3F243176D607000924DCB /* FMDatabase.m */ = {isa = PBXFileReference; fileEncoding = 4; lastKnownFileType = sourcecode.c.objc; name = FMDatabase.m; path = GameAlfa/FMDatabase.m; sourceTree = "<group>"; };
		A8A3F244176D607000924DCB /* FMDatabaseAdditions.h */ = {isa = PBXFileReference; fileEncoding = 4; lastKnownFileType = sourcecode.c.h; name = FMDatabaseAdditions.h; path = GameAlfa/FMDatabaseAdditions.h; sourceTree = "<group>"; };
		A8A3F245176D607000924DCB /* FMDatabaseAdditions.m */ = {isa = PBXFileReference; fileEncoding = 4; lastKnownFileType = sourcecode.c.objc; name = FMDatabaseAdditions.m; path = GameAlfa/FMDatabaseAdditions.m; sourceTree = "<group>"; };
		A8A3F246176D607000924DCB /* FMDatabasePool.h */ = {isa = PBXFileReference; fileEncoding = 4; lastKnownFileType = sourcecode.c.h; name = FMDatabasePool.h; path = GameAlfa/FMDatabasePool.h; sourceTree = "<group>"; };
		A8A3F247176D607000924DCB /* FMDatabasePool.m */ = {isa = PBXFileReference; fileEncoding = 4; lastKnownFileType = sourcecode.c.objc; name = FMDatabasePool.m; path = GameAlfa/FMDatabasePool.m; sourceTree = "<group>"; };
		A8A3F248176D607000924DCB /* FMDatabaseQueue.h */ = {isa = PBXFileReference; fileEncoding = 4; lastKnownFileType = sourcecode.c.h; name = FMDatabaseQueue.h; path = GameAlfa/FMDatabaseQueue.h; sourceTree = "<group>"; };
		A8A3F249176D607000924DCB /* FMDatabaseQueue.m */ = {isa = PBXFileReference; fileEncoding = 4; lastKnownFileType = sourcecode.c.objc; name = FMDatabaseQueue.m; path = GameAlfa/FMDatabaseQueue.m; sourceTree = "<group>"; };
		A8A3F24A176D607000924DCB /* fmdb.m */ = {isa = PBXFileReference; fileEncoding = 4; lastKnownFileType = sourcecode.c.objc; name = fmdb.m; path = GameAlfa/fmdb.m; sourceTree = "<group>"; };
		A8A3F24B176D607000924DCB /* FMResultSet.h */ = {isa = PBXFileReference; fileEncoding = 4; lastKnownFileType = sourcecode.c.h; name = FMResultSet.h; path = GameAlfa/FMResultSet.h; sourceTree = "<group>"; };
		A8A3F24C176D607000924DCB /* FMResultSet.m */ = {isa = PBXFileReference; fileEncoding = 4; lastKnownFileType = sourcecode.c.objc; name = FMResultSet.m; path = GameAlfa/FMResultSet.m; sourceTree = "<group>"; };
		A8A3F259176D653C00924DCB /* GameAlfaTest.octest */ = {isa = PBXFileReference; explicitFileType = wrapper.cfbundle; includeInIndex = 0; path = GameAlfaTest.octest; sourceTree = BUILT_PRODUCTS_DIR; };
		A8A3F25A176D653C00924DCB /* SenTestingKit.framework */ = {isa = PBXFileReference; lastKnownFileType = wrapper.framework; name = SenTestingKit.framework; path = Library/Frameworks/SenTestingKit.framework; sourceTree = DEVELOPER_DIR; };
		A8A3F260176D653C00924DCB /* GameAlfaTest-Info.plist */ = {isa = PBXFileReference; lastKnownFileType = text.plist.xml; path = "GameAlfaTest-Info.plist"; sourceTree = "<group>"; };
		A8A3F262176D653C00924DCB /* en */ = {isa = PBXFileReference; lastKnownFileType = text.plist.strings; name = en; path = en.lproj/InfoPlist.strings; sourceTree = "<group>"; };
		A8A3F264176D653C00924DCB /* GameAlfaTest.h */ = {isa = PBXFileReference; lastKnownFileType = sourcecode.c.h; path = GameAlfaTest.h; sourceTree = "<group>"; };
		A8A3F265176D653C00924DCB /* GameAlfaTest.m */ = {isa = PBXFileReference; lastKnownFileType = sourcecode.c.objc; path = GameAlfaTest.m; sourceTree = "<group>"; };
		A8A3F267176D653C00924DCB /* GameAlfaTest-Prefix.pch */ = {isa = PBXFileReference; lastKnownFileType = sourcecode.c.h; path = "GameAlfaTest-Prefix.pch"; sourceTree = "<group>"; };
		A8A3F26C176D673B00924DCB /* ProjectDB.h */ = {isa = PBXFileReference; fileEncoding = 4; lastKnownFileType = sourcecode.c.h; name = ProjectDB.h; path = DomainModel/ProjectDB.h; sourceTree = "<group>"; };
		A8A3F26D176D673B00924DCB /* ProjectDB.m */ = {isa = PBXFileReference; fileEncoding = 4; lastKnownFileType = sourcecode.c.objc; name = ProjectDB.m; path = DomainModel/ProjectDB.m; sourceTree = "<group>"; };
		A8A43A7417A77B580079E766 /* ProjectDetailViewController.h */ = {isa = PBXFileReference; fileEncoding = 4; lastKnownFileType = sourcecode.c.h; name = ProjectDetailViewController.h; path = ../ProjectDetailViewController.h; sourceTree = "<group>"; };
		A8A43A7517A77B580079E766 /* ProjectDetailViewController.m */ = {isa = PBXFileReference; fileEncoding = 4; lastKnownFileType = sourcecode.c.objc; name = ProjectDetailViewController.m; path = ../ProjectDetailViewController.m; sourceTree = "<group>"; };
		A8A4F4A41793A18D00D7013F /* IntentionDB.h */ = {isa = PBXFileReference; fileEncoding = 4; lastKnownFileType = sourcecode.c.h; name = IntentionDB.h; path = DomainModel/IntentionDB.h; sourceTree = "<group>"; };
		A8A4F4A51793A18E00D7013F /* IntentionDB.m */ = {isa = PBXFileReference; fileEncoding = 4; lastKnownFileType = sourcecode.c.objc; name = IntentionDB.m; path = DomainModel/IntentionDB.m; sourceTree = "<group>"; };
		A8A4F4A917942CA900D7013F /* IntentionTest.h */ = {isa = PBXFileReference; fileEncoding = 4; lastKnownFileType = sourcecode.c.h; path = IntentionTest.h; sourceTree = "<group>"; };
		A8A4F4AA17942CA900D7013F /* IntentionTest.m */ = {isa = PBXFileReference; fileEncoding = 4; lastKnownFileType = sourcecode.c.objc; path = IntentionTest.m; sourceTree = "<group>"; };
		A8ACCC8218766F5B00E6F31D /* EnlatadosViewController.h */ = {isa = PBXFileReference; fileEncoding = 4; lastKnownFileType = sourcecode.c.h; path = EnlatadosViewController.h; sourceTree = "<group>"; };
		A8ACCC8318766F5B00E6F31D /* EnlatadosViewController.m */ = {isa = PBXFileReference; fileEncoding = 4; lastKnownFileType = sourcecode.c.objc; path = EnlatadosViewController.m; sourceTree = "<group>"; };
		A8E672C0179CAECA00FBCFCD /* ProjectCell.h */ = {isa = PBXFileReference; fileEncoding = 4; lastKnownFileType = sourcecode.c.h; name = ProjectCell.h; path = GameAlfa/ProjectCell.h; sourceTree = "<group>"; };
		A8E672C1179CAECA00FBCFCD /* ProjectCell.m */ = {isa = PBXFileReference; fileEncoding = 4; lastKnownFileType = sourcecode.c.objc; name = ProjectCell.m; path = GameAlfa/ProjectCell.m; sourceTree = "<group>"; };
/* End PBXFileReference section */

/* Begin PBXFrameworksBuildPhase section */
		A800555D176BF8CB00C3659B /* Frameworks */ = {
			isa = PBXFrameworksBuildPhase;
			buildActionMask = 2147483647;
			files = (
				A89B931C1888E38300D24760 /* MessageUI.framework in Frameworks */,
				A89B931A1888E34100D24760 /* libSSToolkit.a in Frameworks */,
				A8980966188508BC00675FCF /* QuartzCore.framework in Frameworks */,
				A80055A0176CA13100C3659B /* libsqlite3.0.dylib in Frameworks */,
				A8005565176BF8CB00C3659B /* UIKit.framework in Frameworks */,
				A8005567176BF8CB00C3659B /* Foundation.framework in Frameworks */,
				A8005569176BF8CB00C3659B /* CoreGraphics.framework in Frameworks */,
				A8979812187D04330052AD1C /* WindowsAzureMobileServices.framework in Frameworks */,
			);
			runOnlyForDeploymentPostprocessing = 0;
		};
		A8A3F255176D653C00924DCB /* Frameworks */ = {
			isa = PBXFrameworksBuildPhase;
			buildActionMask = 2147483647;
			files = (
				A8895064176E2FD5000486DC /* libsqlite3.0.dylib in Frameworks */,
				A8A3F25B176D653C00924DCB /* SenTestingKit.framework in Frameworks */,
				A8A3F25C176D653C00924DCB /* UIKit.framework in Frameworks */,
				A8A3F25D176D653C00924DCB /* Foundation.framework in Frameworks */,
			);
			runOnlyForDeploymentPostprocessing = 0;
		};
/* End PBXFrameworksBuildPhase section */

/* Begin PBXGroup section */
		A8005555176BF8CB00C3659B = {
			isa = PBXGroup;
			children = (
				A8A0BE0518936C5700DD9E4B /* Utils */,
				A89B93091888E2D000D24760 /* SSToolkit.xcodeproj */,
				A8A3F26B176D656000924DCB /* DomainModel */,
				A80055A1176CA1B200C3659B /* fmdb */,
				A800559F176CA13100C3659B /* libsqlite3.0.dylib */,
				A800556A176BF8CB00C3659B /* GameAlfa */,
				A8A3F25E176D653C00924DCB /* GameAlfaTest */,
				A8005563176BF8CB00C3659B /* Frameworks */,
				A8005561176BF8CB00C3659B /* Products */,
				A5D8D7516C314E6994D6931B /* Pods.xcconfig */,
			);
			sourceTree = "<group>";
		};
		A8005561176BF8CB00C3659B /* Products */ = {
			isa = PBXGroup;
			children = (
				A8005560176BF8CB00C3659B /* GameAlfa.app */,
				A8A3F259176D653C00924DCB /* GameAlfaTest.octest */,
			);
			name = Products;
			sourceTree = "<group>";
		};
		A8005563176BF8CB00C3659B /* Frameworks */ = {
			isa = PBXGroup;
			children = (
				A89B931B1888E38300D24760 /* MessageUI.framework */,
				A8980965188508BC00675FCF /* QuartzCore.framework */,
				A8979811187D04330052AD1C /* WindowsAzureMobileServices.framework */,
				A8005564176BF8CB00C3659B /* UIKit.framework */,
				A8005566176BF8CB00C3659B /* Foundation.framework */,
				A8005568176BF8CB00C3659B /* CoreGraphics.framework */,
				A8A3F25A176D653C00924DCB /* SenTestingKit.framework */,
			);
			name = Frameworks;
			sourceTree = "<group>";
		};
		A800556A176BF8CB00C3659B /* GameAlfa */ = {
			isa = PBXGroup;
			children = (
				A8A0BE0718936DD000DD9E4B /* Project */,
				A8A0BE0618936D6200DD9E4B /* Enlatados */,
				A8A20046188E119400EF7C3C /* Body.html */,
				A89E4DF3179B7AC5008D091B /* MainStoryBoard.storyboard */,
				A800558A176BF8CB00C3659B /* ThreeSecondsRuleController.xib */,
				A8005573176BF8CB00C3659B /* AppDelegate.h */,
				A8005574176BF8CB00C3659B /* AppDelegate.m */,
				A800557C176BF8CB00C3659B /* ThreeSecondsRuleController.h */,
				A800557D176BF8CB00C3659B /* ThreeSecondsRuleController.m */,
				A800557F176BF8CB00C3659B /* first.png */,
				A8005581176BF8CB00C3659B /* first@2x.png */,
				A8005586176BF8CB00C3659B /* second.png */,
				A8005588176BF8CB00C3659B /* second@2x.png */,
				A800556B176BF8CB00C3659B /* Supporting Files */,
			);
			path = GameAlfa;
			sourceTree = "<group>";
		};
		A800556B176BF8CB00C3659B /* Supporting Files */ = {
			isa = PBXGroup;
			children = (
				A800556C176BF8CB00C3659B /* GameAlfa-Info.plist */,
				A800556D176BF8CB00C3659B /* InfoPlist.strings */,
				A8005570176BF8CB00C3659B /* main.m */,
				A8005572176BF8CB00C3659B /* GameAlfa-Prefix.pch */,
				A8005576176BF8CB00C3659B /* Default.png */,
				A8005578176BF8CB00C3659B /* Default@2x.png */,
				A800557A176BF8CB00C3659B /* Default-568h@2x.png */,
			);
			name = "Supporting Files";
			sourceTree = "<group>";
		};
		A80055A1176CA1B200C3659B /* fmdb */ = {
			isa = PBXGroup;
			children = (
				A8A3F242176D607000924DCB /* FMDatabase.h */,
				A8A3F243176D607000924DCB /* FMDatabase.m */,
				A8A3F244176D607000924DCB /* FMDatabaseAdditions.h */,
				A8A3F245176D607000924DCB /* FMDatabaseAdditions.m */,
				A8A3F246176D607000924DCB /* FMDatabasePool.h */,
				A8A3F247176D607000924DCB /* FMDatabasePool.m */,
				A8A3F248176D607000924DCB /* FMDatabaseQueue.h */,
				A8A3F249176D607000924DCB /* FMDatabaseQueue.m */,
				A8A3F24A176D607000924DCB /* fmdb.m */,
				A8A3F24B176D607000924DCB /* FMResultSet.h */,
				A8A3F24C176D607000924DCB /* FMResultSet.m */,
			);
			name = fmdb;
			sourceTree = "<group>";
		};
		A89B930A1888E2D000D24760 /* Products */ = {
			isa = PBXGroup;
			children = (
				A89B93101888E2D100D24760 /* libSSToolkit.a */,
				A89B93121888E2D100D24760 /* SSToolkitTests.app */,
				A89B93141888E2D100D24760 /* SSToolkitResources.bundle */,
			);
			name = Products;
			sourceTree = "<group>";
		};
		A8A0BE0518936C5700DD9E4B /* Utils */ = {
			isa = PBXGroup;
			children = (
				A8E672C1179CAECA00FBCFCD /* ProjectCell.m */,
				A8E672C0179CAECA00FBCFCD /* ProjectCell.h */,
				A89809631884F3FE00675FCF /* CircularButton.m */,
				A89809621884F3FE00675FCF /* CircularButton.h */,
				A89EB31F17AF256A001E074A /* DTCustomColoredAccessory.h */,
				A89EB32017AF256A001E074A /* DTCustomColoredAccessory.m */,
				A8A13E991886C2DD0038BFB4 /* SyntaxHighlightTextStorage.m */,
				A8A13E981886C2DD0038BFB4 /* SyntaxHighlightTextStorage.h */,
			);
			name = Utils;
			sourceTree = "<group>";
		};
		A8A0BE0618936D6200DD9E4B /* Enlatados */ = {
			isa = PBXGroup;
			children = (
				A8ACCC8218766F5B00E6F31D /* EnlatadosViewController.h */,
				A8ACCC8318766F5B00E6F31D /* EnlatadosViewController.m */,
				A893673E187A416300D78EBE /* EnlatadoDetailViewController.h */,
				A893673F187A416300D78EBE /* EnlatadoDetailViewController.m */,
			);
			name = Enlatados;
			sourceTree = "<group>";
		};
		A8A0BE0718936DD000DD9E4B /* Project */ = {
			isa = PBXGroup;
			children = (
				A89E4DEF179B7A11008D091B /* ProjectTableViewController.h */,
				A89E4DF0179B7A11008D091B /* ProjectTableViewController.m */,
				A8A43A7417A77B580079E766 /* ProjectDetailViewController.h */,
				A8A43A7517A77B580079E766 /* ProjectDetailViewController.m */,
			);
			name = Project;
			sourceTree = "<group>";
		};
		A8A3F25E176D653C00924DCB /* GameAlfaTest */ = {
			isa = PBXGroup;
			children = (
				A8A3F264176D653C00924DCB /* GameAlfaTest.h */,
				A8A3F265176D653C00924DCB /* GameAlfaTest.m */,
				A8A3F25F176D653C00924DCB /* Supporting Files */,
				A8A4F4A917942CA900D7013F /* IntentionTest.h */,
				A8A4F4AA17942CA900D7013F /* IntentionTest.m */,
			);
			path = GameAlfaTest;
			sourceTree = "<group>";
		};
		A8A3F25F176D653C00924DCB /* Supporting Files */ = {
			isa = PBXGroup;
			children = (
				A8A3F260176D653C00924DCB /* GameAlfaTest-Info.plist */,
				A8A3F261176D653C00924DCB /* InfoPlist.strings */,
				A8A3F267176D653C00924DCB /* GameAlfaTest-Prefix.pch */,
			);
			name = "Supporting Files";
			sourceTree = "<group>";
		};
		A8A3F26B176D656000924DCB /* DomainModel */ = {
			isa = PBXGroup;
			children = (
				A897B5D7187F7A81008148E6 /* GameAlfaService.h */,
				A897B5D8187F7A81008148E6 /* GameAlfaService.m */,
				A8005599176C49DD00C3659B /* Project.m */,
				A8005598176C49DD00C3659B /* Project.h */,
				A8A3F26C176D673B00924DCB /* ProjectDB.h */,
				A8A3F26D176D673B00924DCB /* ProjectDB.m */,
				A8A4F4A41793A18D00D7013F /* IntentionDB.h */,
				A8A4F4A51793A18E00D7013F /* IntentionDB.m */,
				A8138BC91799777F00527CDE /* Intention.h */,
				A8138BCA1799777F00527CDE /* Intention.m */,
				A89A1BB517AE94F6006B6CC6 /* Level.h */,
				A89A1BB617AE94F6006B6CC6 /* Level.m */,
				A89A1BB917AE9ED9006B6CC6 /* Step.h */,
				A89A1BBA17AE9ED9006B6CC6 /* Step.m */,
				A80A3105187919E20054C5C5 /* Enlatado.h */,
				A897C9A9188357F200728744 /* EnlatadoDB.h */,
				A897C9AA188357F200728744 /* EnlatadoDB.m */,
				A80A3106187919E20054C5C5 /* Enlatado.m */,
				A80A310818791E7D0054C5C5 /* TipoEnlatado.h */,
				A80A310918791E7D0054C5C5 /* TipoEnlatado.m */,
				A897C9AC1883628C00728744 /* CacheManagerDB.h */,
				A897C9B21883803D00728744 /* CacheManager.h */,
				A897C9B31883803D00728744 /* CacheManager.m */,
				A897C9AD1883628C00728744 /* CacheManagerDB.m */,
				A897C9AF1883634700728744 /* CacheEntity.h */,
				A897C9B01883634700728744 /* CacheEntity.m */,
			);
			name = DomainModel;
			sourceTree = "<group>";
		};
/* End PBXGroup section */

/* Begin PBXNativeTarget section */
		A800555F176BF8CB00C3659B /* GameAlfa */ = {
			isa = PBXNativeTarget;
			buildConfigurationList = A8005592176BF8CB00C3659B /* Build configuration list for PBXNativeTarget "GameAlfa" */;
			buildPhases = (
				8899C0A3BE8F42468CDB5199 /* Check Pods Manifest.lock */,
				A800555C176BF8CB00C3659B /* Sources */,
				A800555D176BF8CB00C3659B /* Frameworks */,
				A800555E176BF8CB00C3659B /* Resources */,
				4E072A26AE1E4DA0B8140424 /* Copy Pods Resources */,
			);
			buildRules = (
			);
			dependencies = (
				A89B93171888E32800D24760 /* PBXTargetDependency */,
				A89B93191888E32800D24760 /* PBXTargetDependency */,
			);
			name = GameAlfa;
			productName = GameAlfa;
			productReference = A8005560176BF8CB00C3659B /* GameAlfa.app */;
			productType = "com.apple.product-type.application";
		};
		A8A3F258176D653C00924DCB /* GameAlfaTest */ = {
			isa = PBXNativeTarget;
			buildConfigurationList = A8A3F268176D653C00924DCB /* Build configuration list for PBXNativeTarget "GameAlfaTest" */;
			buildPhases = (
				A8A3F254176D653C00924DCB /* Sources */,
				A8A3F255176D653C00924DCB /* Frameworks */,
				A8A3F256176D653C00924DCB /* Resources */,
				A8A3F257176D653C00924DCB /* ShellScript */,
			);
			buildRules = (
			);
			dependencies = (
			);
			name = GameAlfaTest;
			productName = GameAlfaTest;
			productReference = A8A3F259176D653C00924DCB /* GameAlfaTest.octest */;
			productType = "com.apple.product-type.bundle";
		};
/* End PBXNativeTarget section */

/* Begin PBXProject section */
		A8005557176BF8CB00C3659B /* Project object */ = {
			isa = PBXProject;
			attributes = {
				LastUpgradeCheck = 0450;
				ORGANIZATIONNAME = Alvan;
				TargetAttributes = {
					A800555F176BF8CB00C3659B = {
						DevelopmentTeam = 9HAQXJ8NDY;
					};
				};
			};
			buildConfigurationList = A800555A176BF8CB00C3659B /* Build configuration list for PBXProject "GameAlfa" */;
			compatibilityVersion = "Xcode 3.2";
			developmentRegion = English;
			hasScannedForEncodings = 0;
			knownRegions = (
				en,
			);
			mainGroup = A8005555176BF8CB00C3659B;
			productRefGroup = A8005561176BF8CB00C3659B /* Products */;
			projectDirPath = "";
			projectReferences = (
				{
					ProductGroup = A89B930A1888E2D000D24760 /* Products */;
					ProjectRef = A89B93091888E2D000D24760 /* SSToolkit.xcodeproj */;
				},
			);
			projectRoot = "";
			targets = (
				A800555F176BF8CB00C3659B /* GameAlfa */,
				A8A3F258176D653C00924DCB /* GameAlfaTest */,
			);
		};
/* End PBXProject section */

/* Begin PBXReferenceProxy section */
		A89B93101888E2D100D24760 /* libSSToolkit.a */ = {
			isa = PBXReferenceProxy;
			fileType = archive.ar;
			path = libSSToolkit.a;
			remoteRef = A89B930F1888E2D100D24760 /* PBXContainerItemProxy */;
			sourceTree = BUILT_PRODUCTS_DIR;
		};
		A89B93121888E2D100D24760 /* SSToolkitTests.app */ = {
			isa = PBXReferenceProxy;
			fileType = wrapper.application;
			path = SSToolkitTests.app;
			remoteRef = A89B93111888E2D100D24760 /* PBXContainerItemProxy */;
			sourceTree = BUILT_PRODUCTS_DIR;
		};
		A89B93141888E2D100D24760 /* SSToolkitResources.bundle */ = {
			isa = PBXReferenceProxy;
			fileType = wrapper.cfbundle;
			path = SSToolkitResources.bundle;
			remoteRef = A89B93131888E2D100D24760 /* PBXContainerItemProxy */;
			sourceTree = BUILT_PRODUCTS_DIR;
		};
/* End PBXReferenceProxy section */

/* Begin PBXResourcesBuildPhase section */
		A800555E176BF8CB00C3659B /* Resources */ = {
			isa = PBXResourcesBuildPhase;
			buildActionMask = 2147483647;
			files = (
				A800556F176BF8CB00C3659B /* InfoPlist.strings in Resources */,
				A8005577176BF8CB00C3659B /* Default.png in Resources */,
				A8005579176BF8CB00C3659B /* Default@2x.png in Resources */,
				A800557B176BF8CB00C3659B /* Default-568h@2x.png in Resources */,
				A8005589176BF8CB00C3659B /* second@2x.png in Resources */,
				A8005580176BF8CB00C3659B /* first.png in Resources */,
				A8005582176BF8CB00C3659B /* first@2x.png in Resources */,
				A8005587176BF8CB00C3659B /* second.png in Resources */,
				A800558C176BF8CB00C3659B /* ThreeSecondsRuleController.xib in Resources */,
				A8A20047188E119400EF7C3C /* Body.html in Resources */,
				A89B931D1888E3C700D24760 /* SSToolkitResources.bundle in Resources */,
				A89E4DF4179B7AC5008D091B /* MainStoryBoard.storyboard in Resources */,
			);
			runOnlyForDeploymentPostprocessing = 0;
		};
		A8A3F256176D653C00924DCB /* Resources */ = {
			isa = PBXResourcesBuildPhase;
			buildActionMask = 2147483647;
			files = (
				A8A3F263176D653C00924DCB /* InfoPlist.strings in Resources */,
			);
			runOnlyForDeploymentPostprocessing = 0;
		};
/* End PBXResourcesBuildPhase section */

/* Begin PBXShellScriptBuildPhase section */
		4E072A26AE1E4DA0B8140424 /* Copy Pods Resources */ = {
			isa = PBXShellScriptBuildPhase;
			buildActionMask = 2147483647;
			files = (
			);
			inputPaths = (
			);
			name = "Copy Pods Resources";
			outputPaths = (
			);
			runOnlyForDeploymentPostprocessing = 0;
			shellPath = /bin/sh;
			shellScript = "\"${SRCROOT}/Pods/Pods-resources.sh\"\n";
			showEnvVarsInLog = 0;
		};
		8899C0A3BE8F42468CDB5199 /* Check Pods Manifest.lock */ = {
			isa = PBXShellScriptBuildPhase;
			buildActionMask = 2147483647;
			files = (
			);
			inputPaths = (
			);
			name = "Check Pods Manifest.lock";
			outputPaths = (
			);
			runOnlyForDeploymentPostprocessing = 0;
			shellPath = /bin/sh;
			shellScript = "diff \"${PODS_ROOT}/../Podfile.lock\" \"${PODS_ROOT}/Manifest.lock\" > /dev/null\nif [[ $? != 0 ]] ; then\n    cat << EOM\nerror: The sandbox is not in sync with the Podfile.lock. Run 'pod install' or update your CocoaPods installation.\nEOM\n    exit 1\nfi\n";
			showEnvVarsInLog = 0;
		};
		A8A3F257176D653C00924DCB /* ShellScript */ = {
			isa = PBXShellScriptBuildPhase;
			buildActionMask = 2147483647;
			files = (
			);
			inputPaths = (
			);
			outputPaths = (
			);
			runOnlyForDeploymentPostprocessing = 0;
			shellPath = /bin/sh;
			shellScript = "# Run the unit tests in this test bundle.\n\"${SYSTEM_DEVELOPER_DIR}/Tools/RunUnitTests\"\n";
		};
/* End PBXShellScriptBuildPhase section */

/* Begin PBXSourcesBuildPhase section */
		A800555C176BF8CB00C3659B /* Sources */ = {
			isa = PBXSourcesBuildPhase;
			buildActionMask = 2147483647;
			files = (
				A8005571176BF8CB00C3659B /* main.m in Sources */,
				A8005575176BF8CB00C3659B /* AppDelegate.m in Sources */,
				A80A3107187919E20054C5C5 /* Enlatado.m in Sources */,
				A897B5D9187F7A81008148E6 /* GameAlfaService.m in Sources */,
				A800557E176BF8CB00C3659B /* ThreeSecondsRuleController.m in Sources */,
				A800559A176C49DD00C3659B /* Project.m in Sources */,
				A8A3F24D176D607000924DCB /* FMDatabase.m in Sources */,
				A8A13E9A1886C2DD0038BFB4 /* SyntaxHighlightTextStorage.m in Sources */,
				A8A3F24E176D607000924DCB /* FMDatabaseAdditions.m in Sources */,
				A8A3F24F176D607000924DCB /* FMDatabasePool.m in Sources */,
				A8A3F250176D607000924DCB /* FMDatabaseQueue.m in Sources */,
				A8A3F252176D607000924DCB /* FMResultSet.m in Sources */,
				A8A3F26E176D673B00924DCB /* ProjectDB.m in Sources */,
				A8A4F4A61793A18E00D7013F /* IntentionDB.m in Sources */,
				A897C9AB188357F200728744 /* EnlatadoDB.m in Sources */,
				A8138BCB1799777F00527CDE /* Intention.m in Sources */,
				A897C9B41883803D00728744 /* CacheManager.m in Sources */,
				A89E4DF1179B7A11008D091B /* ProjectTableViewController.m in Sources */,
				A89809641884F3FE00675FCF /* CircularButton.m in Sources */,
				A8E672C2179CAECA00FBCFCD /* ProjectCell.m in Sources */,
				A8A43A7617A77B580079E766 /* ProjectDetailViewController.m in Sources */,
				A89A1BB717AE94F6006B6CC6 /* Level.m in Sources */,
				A8936740187A416300D78EBE /* EnlatadoDetailViewController.m in Sources */,
				A89A1BBB17AE9ED9006B6CC6 /* Step.m in Sources */,
				A897C9B11883634700728744 /* CacheEntity.m in Sources */,
				A8ACCC8418766F5B00E6F31D /* EnlatadosViewController.m in Sources */,
				A89EB32117AF256A001E074A /* DTCustomColoredAccessory.m in Sources */,
				A897C9AE1883628C00728744 /* CacheManagerDB.m in Sources */,
				A80A310A18791E7D0054C5C5 /* TipoEnlatado.m in Sources */,
			);
			runOnlyForDeploymentPostprocessing = 0;
		};
		A8A3F254176D653C00924DCB /* Sources */ = {
			isa = PBXSourcesBuildPhase;
			buildActionMask = 2147483647;
			files = (
				A8138BCC1799786D00527CDE /* Intention.m in Sources */,
				A8AF210D17978F840006433F /* IntentionDB.m in Sources */,
				A8895065176E6E04000486DC /* Project.m in Sources */,
				A8895060176E2FA6000486DC /* FMDatabaseAdditions.m in Sources */,
				A8895061176E2FA6000486DC /* FMDatabasePool.m in Sources */,
				A8895062176E2FA6000486DC /* FMDatabaseQueue.m in Sources */,
				A8895063176E2FA6000486DC /* FMResultSet.m in Sources */,
				A889505F176E2F82000486DC /* FMDatabase.m in Sources */,
				A8A4F4AB17942CA900D7013F /* IntentionTest.m in Sources */,
				A889505E176E2F67000486DC /* ProjectDB.m in Sources */,
				A8A3F266176D653C00924DCB /* GameAlfaTest.m in Sources */,
			);
			runOnlyForDeploymentPostprocessing = 0;
		};
/* End PBXSourcesBuildPhase section */

/* Begin PBXTargetDependency section */
		A89B93171888E32800D24760 /* PBXTargetDependency */ = {
			isa = PBXTargetDependency;
			name = SSToolkit;
			targetProxy = A89B93161888E32800D24760 /* PBXContainerItemProxy */;
		};
		A89B93191888E32800D24760 /* PBXTargetDependency */ = {
			isa = PBXTargetDependency;
			name = SSToolkitResources;
			targetProxy = A89B93181888E32800D24760 /* PBXContainerItemProxy */;
		};
/* End PBXTargetDependency section */

/* Begin PBXVariantGroup section */
		A800556D176BF8CB00C3659B /* InfoPlist.strings */ = {
			isa = PBXVariantGroup;
			children = (
				A800556E176BF8CB00C3659B /* en */,
			);
			name = InfoPlist.strings;
			sourceTree = "<group>";
		};
		A800558A176BF8CB00C3659B /* ThreeSecondsRuleController.xib */ = {
			isa = PBXVariantGroup;
			children = (
				A800558B176BF8CB00C3659B /* en */,
			);
			name = ThreeSecondsRuleController.xib;
			sourceTree = "<group>";
		};
		A8A3F261176D653C00924DCB /* InfoPlist.strings */ = {
			isa = PBXVariantGroup;
			children = (
				A8A3F262176D653C00924DCB /* en */,
			);
			name = InfoPlist.strings;
			sourceTree = "<group>";
		};
/* End PBXVariantGroup section */

/* Begin XCBuildConfiguration section */
		A8005590176BF8CB00C3659B /* Debug */ = {
			isa = XCBuildConfiguration;
			buildSettings = {
				ALWAYS_SEARCH_USER_PATHS = NO;
				CLANG_CXX_LANGUAGE_STANDARD = "gnu++0x";
				CLANG_CXX_LIBRARY = "libc++";
				CLANG_WARN_EMPTY_BODY = YES;
				CLANG_WARN__DUPLICATE_METHOD_MATCH = YES;
				"CODE_SIGN_IDENTITY[sdk=iphoneos*]" = "iPhone Developer";
				COPY_PHASE_STRIP = NO;
				GCC_C_LANGUAGE_STANDARD = gnu99;
				GCC_DYNAMIC_NO_PIC = NO;
				GCC_OPTIMIZATION_LEVEL = 0;
				GCC_PREPROCESSOR_DEFINITIONS = (
					"DEBUG=1",
					"$(inherited)",
				);
				GCC_SYMBOLS_PRIVATE_EXTERN = NO;
				GCC_WARN_ABOUT_RETURN_TYPE = YES;
				GCC_WARN_UNINITIALIZED_AUTOS = YES;
				GCC_WARN_UNUSED_VARIABLE = YES;
				IPHONEOS_DEPLOYMENT_TARGET = 6.0;
				ONLY_ACTIVE_ARCH = YES;
				SDKROOT = iphoneos;
			};
			name = Debug;
		};
		A8005591176BF8CB00C3659B /* Release */ = {
			isa = XCBuildConfiguration;
			buildSettings = {
				ALWAYS_SEARCH_USER_PATHS = NO;
				CLANG_CXX_LANGUAGE_STANDARD = "gnu++0x";
				CLANG_CXX_LIBRARY = "libc++";
				CLANG_WARN_EMPTY_BODY = YES;
				CLANG_WARN__DUPLICATE_METHOD_MATCH = YES;
				"CODE_SIGN_IDENTITY[sdk=iphoneos*]" = "iPhone Developer";
				COPY_PHASE_STRIP = YES;
				GCC_C_LANGUAGE_STANDARD = gnu99;
				GCC_WARN_ABOUT_RETURN_TYPE = YES;
				GCC_WARN_UNINITIALIZED_AUTOS = YES;
				GCC_WARN_UNUSED_VARIABLE = YES;
				IPHONEOS_DEPLOYMENT_TARGET = 6.0;
				ONLY_ACTIVE_ARCH = NO;
				OTHER_CFLAGS = "-DNS_BLOCK_ASSERTIONS=1";
				SDKROOT = iphoneos;
				VALIDATE_PRODUCT = YES;
			};
			name = Release;
		};
		A8005593176BF8CB00C3659B /* Debug */ = {
			isa = XCBuildConfiguration;
			baseConfigurationReference = A5D8D7516C314E6994D6931B /* Pods.xcconfig */;
			buildSettings = {
				CODE_SIGN_IDENTITY = "iPhone Developer";
				"CODE_SIGN_IDENTITY[sdk=iphoneos*]" = "iPhone Developer";
				FRAMEWORK_SEARCH_PATHS = (
					"$(inherited)",
					/Users/lioncarp/Desktop/GameAlfa,
				);
				GCC_PRECOMPILE_PREFIX_HEADER = YES;
				GCC_PREFIX_HEADER = "GameAlfa/GameAlfa-Prefix.pch";
				HEADER_SEARCH_PATHS = (
					"\"${PODS_ROOT}/Headers\"",
					"\"${PODS_ROOT}/Headers/AFNetworking\"",
					Vendor/SSToolkit,
				);
				INFOPLIST_FILE = "GameAlfa/GameAlfa-Info.plist";
				IPHONEOS_DEPLOYMENT_TARGET = 7.0;
				OTHER_LDFLAGS = (
					"-ObjC",
					"-framework",
					CoreGraphics,
					"-framework",
					MobileCoreServices,
					"-framework",
					Security,
					"-framework",
					SystemConfiguration,
					"-all_load",
					"-ObjC",
				);
				PRODUCT_NAME = "$(TARGET_NAME)";
				PROVISIONING_PROFILE = "";
				TARGETED_DEVICE_FAMILY = 1;
				WRAPPER_EXTENSION = app;
			};
			name = Debug;
		};
		A8005594176BF8CB00C3659B /* Release */ = {
			isa = XCBuildConfiguration;
			baseConfigurationReference = A5D8D7516C314E6994D6931B /* Pods.xcconfig */;
			buildSettings = {
				CODE_SIGN_IDENTITY = "iPhone Developer";
				"CODE_SIGN_IDENTITY[sdk=iphoneos*]" = "iPhone Developer";
				FRAMEWORK_SEARCH_PATHS = (
					"$(inherited)",
					/Users/lioncarp/Desktop/GameAlfa,
				);
				GCC_PRECOMPILE_PREFIX_HEADER = YES;
				GCC_PREFIX_HEADER = "GameAlfa/GameAlfa-Prefix.pch";
				HEADER_SEARCH_PATHS = (
					"\"${PODS_ROOT}/Headers\"",
					"\"${PODS_ROOT}/Headers/AFNetworking\"",
					Vendor/SSToolkit,
				);
				INFOPLIST_FILE = "GameAlfa/GameAlfa-Info.plist";
				IPHONEOS_DEPLOYMENT_TARGET = 7.0;
				OTHER_LDFLAGS = (
					"-ObjC",
					"-framework",
					CoreGraphics,
					"-framework",
					MobileCoreServices,
					"-framework",
					Security,
					"-framework",
					SystemConfiguration,
					"-all_load",
					"-ObjC",
				);
				PRODUCT_NAME = "$(TARGET_NAME)";
				PROVISIONING_PROFILE = "";
				TARGETED_DEVICE_FAMILY = 1;
				WRAPPER_EXTENSION = app;
			};
			name = Release;
		};
		A8A3F269176D653C00924DCB /* Debug */ = {
			isa = XCBuildConfiguration;
			buildSettings = {
				FRAMEWORK_SEARCH_PATHS = (
					"\"$(SDKROOT)/Developer/Library/Frameworks\"",
					"\"$(DEVELOPER_LIBRARY_DIR)/Frameworks\"",
				);
				GCC_PRECOMPILE_PREFIX_HEADER = YES;
				GCC_PREFIX_HEADER = "GameAlfaTest/GameAlfaTest-Prefix.pch";
				INFOPLIST_FILE = "GameAlfaTest/GameAlfaTest-Info.plist";
				PRODUCT_NAME = "$(TARGET_NAME)";
				WRAPPER_EXTENSION = octest;
			};
			name = Debug;
		};
		A8A3F26A176D653C00924DCB /* Release */ = {
			isa = XCBuildConfiguration;
			buildSettings = {
				FRAMEWORK_SEARCH_PATHS = (
					"\"$(SDKROOT)/Developer/Library/Frameworks\"",
					"\"$(DEVELOPER_LIBRARY_DIR)/Frameworks\"",
				);
				GCC_PRECOMPILE_PREFIX_HEADER = YES;
				GCC_PREFIX_HEADER = "GameAlfaTest/GameAlfaTest-Prefix.pch";
				INFOPLIST_FILE = "GameAlfaTest/GameAlfaTest-Info.plist";
				PRODUCT_NAME = "$(TARGET_NAME)";
				WRAPPER_EXTENSION = octest;
			};
			name = Release;
		};
/* End XCBuildConfiguration section */

/* Begin XCConfigurationList section */
		A800555A176BF8CB00C3659B /* Build configuration list for PBXProject "GameAlfa" */ = {
			isa = XCConfigurationList;
			buildConfigurations = (
				A8005590176BF8CB00C3659B /* Debug */,
				A8005591176BF8CB00C3659B /* Release */,
			);
			defaultConfigurationIsVisible = 0;
			defaultConfigurationName = Release;
		};
		A8005592176BF8CB00C3659B /* Build configuration list for PBXNativeTarget "GameAlfa" */ = {
			isa = XCConfigurationList;
			buildConfigurations = (
				A8005593176BF8CB00C3659B /* Debug */,
				A8005594176BF8CB00C3659B /* Release */,
			);
			defaultConfigurationIsVisible = 0;
			defaultConfigurationName = Release;
		};
		A8A3F268176D653C00924DCB /* Build configuration list for PBXNativeTarget "GameAlfaTest" */ = {
			isa = XCConfigurationList;
			buildConfigurations = (
				A8A3F269176D653C00924DCB /* Debug */,
				A8A3F26A176D653C00924DCB /* Release */,
			);
			defaultConfigurationIsVisible = 0;
			defaultConfigurationName = Release;
		};
/* End XCConfigurationList section */
	};
	rootObject = A8005557176BF8CB00C3659B /* Project object */;
}
